
Microsoft Visual Studio Solution File, Format Version 12.00
# Visual Studio Version 17
VisualStudioVersion = 17.9.34701.34
MinimumVisualStudioVersion = 10.0.40219.1
Project("{9A19103F-16F7-4668-BE54-9A1E7A4F7556}") = "Entities", "Entities\Entities.csproj", "{2BEE9257-2A65-4F07-84F9-FFF64D782039}"
EndProject
Project("{9A19103F-16F7-4668-BE54-9A1E7A4F7556}") = "DataAccess", "DataAccess\DataAccess.csproj", "{157C5CAB-BD92-4400-83BD-A0F67D3B1AB7}"
EndProject
Project("{9A19103F-16F7-4668-BE54-9A1E7A4F7556}") = "Business", "Business\Business.csproj", "{4F4ABBCB-66D4-48D5-BF76-6AD936CBE0F6}"
EndProject
Project("{9A19103F-16F7-4668-BE54-9A1E7A4F7556}") = "ConsoleUI", "ConsoleUI\ConsoleUI.csproj", "{C9A35F12-0009-419B-BD68-043197D9A0D2}"
EndProject
Project("{9A19103F-16F7-4668-BE54-9A1E7A4F7556}") = "Core", "Core\Core.csproj", "{FC92111A-B366-4979-84E5-F6E971184939}"
EndProject
Global
	GlobalSection(SolutionConfigurationPlatforms) = preSolution
		Debug|Any CPU = Debug|Any CPU
		Release|Any CPU = Release|Any CPU
	EndGlobalSection
	GlobalSection(ProjectConfigurationPlatforms) = postSolution
		{2BEE9257-2A65-4F07-84F9-FFF64D782039}.Debug|Any CPU.ActiveCfg = Debug|Any CPU
		{2BEE9257-2A65-4F07-84F9-FFF64D782039}.Debug|Any CPU.Build.0 = Debug|Any CPU
		{2BEE9257-2A65-4F07-84F9-FFF64D782039}.Release|Any CPU.ActiveCfg = Release|Any CPU
		{2BEE9257-2A65-4F07-84F9-FFF64D782039}.Release|Any CPU.Build.0 = Release|Any CPU
		{157C5CAB-BD92-4400-83BD-A0F67D3B1AB7}.Debug|Any CPU.ActiveCfg = Debug|Any CPU
		{157C5CAB-BD92-4400-83BD-A0F67D3B1AB7}.Debug|Any CPU.Build.0 = Debug|Any CPU
		{157C5CAB-BD92-4400-83BD-A0F67D3B1AB7}.Release|Any CPU.ActiveCfg = Release|Any CPU
		{157C5CAB-BD92-4400-83BD-A0F67D3B1AB7}.Release|Any CPU.Build.0 = Release|Any CPU
		{4F4ABBCB-66D4-48D5-BF76-6AD936CBE0F6}.Debug|Any CPU.ActiveCfg = Debug|Any CPU
		{4F4ABBCB-66D4-48D5-BF76-6AD936CBE0F6}.Debug|Any CPU.Build.0 = Debug|Any CPU
		{4F4ABBCB-66D4-48D5-BF76-6AD936CBE0F6}.Release|Any CPU.ActiveCfg = Release|Any CPU
		{4F4ABBCB-66D4-48D5-BF76-6AD936CBE0F6}.Release|Any CPU.Build.0 = Release|Any CPU
		{C9A35F12-0009-419B-BD68-043197D9A0D2}.Debug|Any CPU.ActiveCfg = Debug|Any CPU
		{C9A35F12-0009-419B-BD68-043197D9A0D2}.Debug|Any CPU.Build.0 = Debug|Any CPU
		{C9A35F12-0009-419B-BD68-043197D9A0D2}.Release|Any CPU.ActiveCfg = Release|Any CPU
		{C9A35F12-0009-419B-BD68-043197D9A0D2}.Release|Any CPU.Build.0 = Release|Any CPU
		{FC92111A-B366-4979-84E5-F6E971184939}.Debug|Any CPU.ActiveCfg = Debug|Any CPU
		{FC92111A-B366-4979-84E5-F6E971184939}.Debug|Any CPU.Build.0 = Debug|Any CPU
		{FC92111A-B366-4979-84E5-F6E971184939}.Release|Any CPU.ActiveCfg = Release|Any CPU
		{FC92111A-B366-4979-84E5-F6E971184939}.Release|Any CPU.Build.0 = Release|Any CPU
	EndGlobalSection
	GlobalSection(SolutionProperties) = preSolution
		HideSolutionNode = FALSE
	EndGlobalSection
	GlobalSection(ExtensibilityGlobals) = postSolution
		SolutionGuid = {B2BF67D6-0762-4AB6-B386-D3ED8235F16F}
	EndGlobalSection
EndGlobal
